
Microsoft Visual Studio Solution File, Format Version 12.00
# Visual Studio Version 17
VisualStudioVersion = 17.3.32929.385
MinimumVisualStudioVersion = 10.0.40219.1
Project("{FAE04EC0-301F-11D3-BF4B-00C04F79EFBC}") = "VPI1EX1", "LaboratornayaVPI1\VPI1EX1.csproj", "{9F31F0A4-7386-41BB-B132-A9C9088FC61C}"
EndProject
Project("{FAE04EC0-301F-11D3-BF4B-00C04F79EFBC}") = "VPIEX2", "VPIEX2\VPIEX2.csproj", "{681015D3-4CA8-4687-8565-E93B69A99932}"
EndProject
Project("{FAE04EC0-301F-11D3-BF4B-00C04F79EFBC}") = "VP1SR", "VP1SR\VP1SR.csproj", "{79E7EB55-BE64-46A2-B20E-00B94C316FA0}"
EndProject
Global
	GlobalSection(SolutionConfigurationPlatforms) = preSolution
		Debug|Any CPU = Debug|Any CPU
		Release|Any CPU = Release|Any CPU
	EndGlobalSection
	GlobalSection(ProjectConfigurationPlatforms) = postSolution
		{9F31F0A4-7386-41BB-B132-A9C9088FC61C}.Debug|Any CPU.ActiveCfg = Debug|Any CPU
		{9F31F0A4-7386-41BB-B132-A9C9088FC61C}.Debug|Any CPU.Build.0 = Debug|Any CPU
		{9F31F0A4-7386-41BB-B132-A9C9088FC61C}.Release|Any CPU.ActiveCfg = Release|Any CPU
		{9F31F0A4-7386-41BB-B132-A9C9088FC61C}.Release|Any CPU.Build.0 = Release|Any CPU
		{681015D3-4CA8-4687-8565-E93B69A99932}.Debug|Any CPU.ActiveCfg = Debug|Any CPU
		{681015D3-4CA8-4687-8565-E93B69A99932}.Debug|Any CPU.Build.0 = Debug|Any CPU
		{681015D3-4CA8-4687-8565-E93B69A99932}.Release|Any CPU.ActiveCfg = Release|Any CPU
		{681015D3-4CA8-4687-8565-E93B69A99932}.Release|Any CPU.Build.0 = Release|Any CPU
		{79E7EB55-BE64-46A2-B20E-00B94C316FA0}.Debug|Any CPU.ActiveCfg = Debug|Any CPU
		{79E7EB55-BE64-46A2-B20E-00B94C316FA0}.Debug|Any CPU.Build.0 = Debug|Any CPU
		{79E7EB55-BE64-46A2-B20E-00B94C316FA0}.Release|Any CPU.ActiveCfg = Release|Any CPU
		{79E7EB55-BE64-46A2-B20E-00B94C316FA0}.Release|Any CPU.Build.0 = Release|Any CPU
	EndGlobalSection
	GlobalSection(SolutionProperties) = preSolution
		HideSolutionNode = FALSE
	EndGlobalSection
	GlobalSection(ExtensibilityGlobals) = postSolution
		SolutionGuid = {63C7A2E2-4A20-4000-B934-BDBBE8EC023B}
	EndGlobalSection
EndGlobal
